// !$*UTF8*$!
{
	archiveVersion = 1;
	classes = {
	};
	objectVersion = 46;
	objects = {

/* Begin PBXBuildFile section */
		18CC4D391E123EB800C5A886 /* main.c in Sources */ = {isa = PBXBuildFile; fileRef = 18CC4D381E123EB800C5A886 /* main.c */; };
/* End PBXBuildFile section */

/* Begin PBXCopyFilesBuildPhase section */
		18CC4D1F1E121A9800C5A886 /* CopyFiles */ = {
			isa = PBXCopyFilesBuildPhase;
			buildActionMask = 2147483647;
			dstPath = /usr/share/man/man1/;
			dstSubfolderSpec = 0;
			files = (
			);
			runOnlyForDeploymentPostprocessing = 1;
		};
/* End PBXCopyFilesBuildPhase section */

/* Begin PBXFileReference section */
		18CC4D211E121A9800C5A886 /* OS-Final-c */ = {isa = PBXFileReference; explicitFileType = "compiled.mach-o.executable"; includeInIndex = 0; path = "OS-Final-c"; sourceTree = BUILT_PRODUCTS_DIR; };
		18CC4D341E123A1F00C5A886 /* banker_output.txt */ = {isa = PBXFileReference; fileEncoding = 4; lastKnownFileType = text; path = banker_output.txt; sourceTree = "<group>"; };
		18CC4D351E123A1F00C5A886 /* max_demand.txt */ = {isa = PBXFileReference; fileEncoding = 4; lastKnownFileType = text; path = max_demand.txt; sourceTree = "<group>"; };
		18CC4D381E123EB800C5A886 /* main.c */ = {isa = PBXFileReference; fileEncoding = 4; lastKnownFileType = sourcecode.c.c; path = main.c; sourceTree = "<group>"; };
/* End PBXFileReference section */

/* Begin PBXFrameworksBuildPhase section */
		18CC4D1E1E121A9800C5A886 /* Frameworks */ = {
			isa = PBXFrameworksBuildPhase;
			buildActionMask = 2147483647;
			files = (
			);
			runOnlyForDeploymentPostprocessing = 0;
		};
/* End PBXFrameworksBuildPhase section */

/* Begin PBXGroup section */
		18CC4D181E121A9800C5A886 = {
			isa = PBXGroup;
			children = (
				18CC4D231E121A9800C5A886 /* OS-Final-c */,
				18CC4D221E121A9800C5A886 /* Products */,
			);
			sourceTree = "<group>";
		};
		18CC4D221E121A9800C5A886 /* Products */ = {
			isa = PBXGroup;
			children = (
				18CC4D211E121A9800C5A886 /* OS-Final-c */,
			);
			name = Products;
			sourceTree = "<group>";
		};
		18CC4D231E121A9800C5A886 /* OS-Final-c */ = {
			isa = PBXGroup;
			children = (
				18CC4D341E123A1F00C5A886 /* banker_output.txt */,
				18CC4D351E123A1F00C5A886 /* max_demand.txt */,
				18CC4D381E123EB800C5A886 /* main.c */,
			);
			path = "OS-Final-c";
			sourceTree = "<group>";
		};
/* End PBXGroup section */

/* Begin PBXNativeTarget section */
		18CC4D201E121A9800C5A886 /* OS-Final-c */ = {
			isa = PBXNativeTarget;
			buildConfigurationList = 18CC4D281E121A9800C5A886 /* Build configuration list for PBXNativeTarget "OS-Final-c" */;
			buildPhases = (
				18CC4D1D1E121A9800C5A886 /* Sources */,
				18CC4D1E1E121A9800C5A886 /* Frameworks */,
				18CC4D1F1E121A9800C5A886 /* CopyFiles */,
			);
			buildRules = (
			);
			dependencies = (
			);
			name = "OS-Final-c";
			productName = "OS-Final-c";
			productReference = 18CC4D211E121A9800C5A886 /* OS-Final-c */;
			productType = "com.apple.product-type.tool";
		};
/* End PBXNativeTarget section */

/* Begin PBXProject section */
		18CC4D191E121A9800C5A886 /* Project object */ = {
			isa = PBXProject;
			attributes = {
				LastUpgradeCheck = 0800;
				ORGANIZATIONNAME = JACK;
				TargetAttributes = {
					18CC4D201E121A9800C5A886 = {
						CreatedOnToolsVersion = 8.0;
						ProvisioningStyle = Automatic;
					};
				};
			};
			buildConfigurationList = 18CC4D1C1E121A9800C5A886 /* Build configuration list for PBXProject "OS-Final-c" */;
			compatibilityVersion = "Xcode 3.2";
			developmentRegion = English;
			hasScannedForEncodings = 0;
			knownRegions = (
				en,
			);
			mainGroup = 18CC4D181E121A9800C5A886;
			productRefGroup = 18CC4D221E121A9800C5A886 /* Products */;
			projectDirPath = "";
			projectRoot = "";
			targets = (
				18CC4D201E121A9800C5A886 /* OS-Final-c */,
			);
		};
/* End PBXProject section */

/* Begin PBXSourcesBuildPhase section */
		18CC4D1D1E121A9800C5A886 /* Sources */ = {
			isa = PBXSourcesBuildPhase;
			buildActionMask = 2147483647;
			files = (
				18CC4D391E123EB800C5A886 /* main.c in Sources */,
			);
			runOnlyForDeploymentPostprocessing = 0;
		};
/* End PBXSourcesBuildPhase section */

/* Begin XCBuildConfiguration section */
		18CC4D261E121A9800C5A886 /* Debug */ = {
			isa = XCBuildConfiguration;
			buildSettings = {
				ALWAYS_SEARCH_USER_PATHS = NO;
				CLANG_ANALYZER_NONNULL = YES;
				CLANG_CXX_LANGUAGE_STANDARD = "gnu++0x";
				CLANG_CXX_LIBRARY = "libc++";
				CLANG_ENABLE_MODULES = YES;
				CLANG_ENABLE_OBJC_ARC = YES;
				CLANG_WARN_BOOL_CONVERSION = YES;
				CLANG_WARN_CONSTANT_CONVERSION = YES;
				CLANG_WARN_DIRECT_OBJC_ISA_USAGE = YES_ERROR;
				CLANG_WARN_DOCUMENTATION_COMMENTS = YES;
				CLANG_WARN_EMPTY_BODY = YES;
				CLANG_WARN_ENUM_CONVERSION = YES;
				CLANG_WARN_INFINITE_RECURSION = YES;
				CLANG_WARN_INT_CONVERSION = YES;
				CLANG_WARN_OBJC_ROOT_CLASS = YES_ERROR;
				CLANG_WARN_SUSPICIOUS_MOVES = YES;
				CLANG_WARN_UNREACHABLE_CODE = YES;
				CLANG_WARN__DUPLICATE_METHOD_MATCH = YES;
				CODE_SIGN_IDENTITY = "-";
				COPY_PHASE_STRIP = NO;
				DEBUG_INFORMATION_FORMAT = dwarf;
				ENABLE_STRICT_OBJC_MSGSEND = YES;
				ENABLE_TESTABILITY = YES;
				GCC_C_LANGUAGE_STANDARD = gnu99;
				GCC_DYNAMIC_NO_PIC = NO;
				GCC_NO_COMMON_BLOCKS = YES;
				GCC_OPTIMIZATION_LEVEL = 0;
				GCC_PREPROCESSOR_DEFINITIONS = (
					"DEBUG=1",
					"$(inherited)",
				);
				GCC_WARN_64_TO_32_BIT_CONVERSION = YES;
				GCC_WARN_ABOUT_RETURN_TYPE = YES_ERROR;
				GCC_WARN_UNDECLARED_SELECTOR = YES;
				GCC_WARN_UNINITIALIZED_AUTOS = YES_AGGRESSIVE;
				GCC_WARN_UNUSED_FUNCTION = YES;
				GCC_WARN_UNUSED_VARIABLE = YES;
				MACOSX_DEPLOYMENT_TARGET = 10.12;
				MTL_ENABLE_DEBUG_INFO = YES;
				ONLY_ACTIVE_ARCH = YES;
				SDKROOT = macosx;
			};
			name = Debug;
		};
		18CC4D271E121A9800C5A886 /* Release */ = {
			isa = XCBuildConfiguration;
			buildSettings = {
				ALWAYS_SEARCH_USER_PATHS = NO;
				CLANG_ANALYZER_NONNULL = YES;
				CLANG_CXX_LANGUAGE_STANDARD = "gnu++0x";
				CLANG_CXX_LIBRARY = "libc++";
				CLANG_ENABLE_MODULES = YES;
				CLANG_ENABLE_OBJC_ARC = YES;
				CLANG_WARN_BOOL_CONVERSION = YES;
				CLANG_WARN_CONSTANT_CONVERSION = YES;
				CLANG_WARN_DIRECT_OBJC_ISA_USAGE = YES_ERROR;
				CLANG_WARN_DOCUMENTATION_COMMENTS = YES;
				CLANG_WARN_EMPTY_BODY = YES;
				CLANG_WARN_ENUM_CONVERSION = YES;
				CLANG_WARN_INFINITE_RECURSION = YES;
				CLANG_WARN_INT_CONVERSION = YES;
				CLANG_WARN_OBJC_ROOT_CLASS = YES_ERROR;
				CLANG_WARN_SUSPICIOUS_MOVES = YES;
				CLANG_WARN_UNREACHABLE_CODE = YES;
				CLANG_WARN__DUPLICATE_METHOD_MATCH = YES;
				CODE_SIGN_IDENTITY = "-";
				COPY_PHASE_STRIP = NO;
				DEBUG_INFORMATION_FORMAT = "dwarf-with-dsym";
				ENABLE_NS_ASSERTIONS = NO;
				ENABLE_STRICT_OBJC_MSGSEND = YES;
				GCC_C_LANGUAGE_STANDARD = gnu99;
				GCC_NO_COMMON_BLOCKS = YES;
				GCC_WARN_64_TO_32_BIT_CONVERSION = YES;
				GCC_WARN_ABOUT_RETURN_TYPE = YES_ERROR;
				GCC_WARN_UNDECLARED_SELECTOR = YES;
				GCC_WARN_UNINITIALIZED_AUTOS = YES_AGGRESSIVE;
				GCC_WARN_UNUSED_FUNCTION = YES;
				GCC_WARN_UNUSED_VARIABLE = YES;
				MACOSX_DEPLOYMENT_TARGET = 10.12;
				MTL_ENABLE_DEBUG_INFO = NO;
				SDKROOT = macosx;
			};
			name = Release;
		};
		18CC4D291E121A9800C5A886 /* Debug */ = {
			isa = XCBuildConfiguration;
			buildSettings = {
				PRODUCT_NAME = "$(TARGET_NAME)";
			};
			name = Debug;
		};
		18CC4D2A1E121A9800C5A886 /* Release */ = {
			isa = XCBuildConfiguration;
			buildSettings = {
				PRODUCT_NAME = "$(TARGET_NAME)";
			};
			name = Release;
		};
/* End XCBuildConfiguration section */

/* Begin XCConfigurationList section */
		18CC4D1C1E121A9800C5A886 /* Build configuration list for PBXProject "OS-Final-c" */ = {
			isa = XCConfigurationList;
			buildConfigurations = (
				18CC4D261E121A9800C5A886 /* Debug */,
				18CC4D271E121A9800C5A886 /* Release */,
			);
			defaultConfigurationIsVisible = 0;
			defaultConfigurationName = Release;
		};
		18CC4D281E121A9800C5A886 /* Build configuration list for PBXNativeTarget "OS-Final-c" */ = {
			isa = XCConfigurationList;
			buildConfigurations = (
				18CC4D291E121A9800C5A886 /* Debug */,
				18CC4D2A1E121A9800C5A886 /* Release */,
			);
			defaultConfigurationIsVisible = 0;
		};
/* End XCConfigurationList section */
	};
	rootObject = 18CC4D191E121A9800C5A886 /* Project object */;
}
